
Microsoft Visual Studio Solution File, Format Version 12.00
# Visual Studio Version 17
VisualStudioVersion = 17.1.32407.343
MinimumVisualStudioVersion = 10.0.40219.1
Project("{FAE04EC0-301F-11D3-BF4B-00C04F79EFBC}") = "BiliLite.UWP", "src\BiliLite.UWP\BiliLite.UWP.csproj", "{8B90B3B3-844B-4610-9DCF-C9B250182AE3}"
EndProject
Project("{9A19103F-16F7-4668-BE54-9A1E7A4F7556}") = "BiliLite.WebApi", "src\BiliLite.WebApi\BiliLite.WebApi.csproj", "{D6F896AD-FD22-499A-9503-D72F03FE53CB}"
EndProject
Project("{FAE04EC0-301F-11D3-BF4B-00C04F79EFBC}") = "BiliLite.JSBridge", "src\BiliLite.JSBridge\BiliLite.JSBridge.csproj", "{809C7636-0AF1-4695-9230-22F74D7B1327}"
EndProject
Project("{FAE04EC0-301F-11D3-BF4B-00C04F79EFBC}") = "ApiTester", "src\ApiTester\ApiTester.csproj", "{348A4137-CD36-4AF8-B609-4FABDDE3E377}"
EndProject
Project("{9A19103F-16F7-4668-BE54-9A1E7A4F7556}") = "BiliLite.gRPC", "src\BiliLite.gRPC\BiliLite.gRPC.csproj", "{AEE3DCAA-2C3C-4308-B602-4797994219D7}"
EndProject
Project("{2150E333-8FDC-42A3-9474-1A3956D46DE8}") = "Solution Items", "Solution Items", "{30AD97ED-AD18-4F64-8D4C-D326B3AB100D}"
	ProjectSection(SolutionItems) = preProject
		.gitignore = .gitignore
		document\entrance.json = document\entrance.json
		document\new_version.json = document\new_version.json
		nuget.config = nuget.config
		README.md = README.md
		.github\release-drafter.yml = .github\release-drafter.yml
		.github\workflows\release.yml = .github\workflows\release.yml
	EndProjectSection
EndProject
Project("{C7167F0D-BC9F-4E6E-AFE1-012C56B48DB5}") = "BiliLite.Packages", "src\BiliLite.Packages\BiliLite.Packages.wapproj", "{64B1CE94-6533-489A-94D4-A7152E3BE03F}"
EndProject
Project("{FAE04EC0-301F-11D3-BF4B-00C04F79EFBC}") = "BiliLite.Win32Tools", "src\BiliLite.Win32Tools\BiliLite.Win32Tools.csproj", "{B44AD18B-7805-4FFB-A29E-C57D09C8D425}"
EndProject
Global
	GlobalSection(SolutionConfigurationPlatforms) = preSolution
		Debug|Any CPU = Debug|Any CPU
		Debug|ARM = Debug|ARM
		Debug|ARM64 = Debug|ARM64
		Debug|x64 = Debug|x64
		Debug|x86 = Debug|x86
		Release|Any CPU = Release|Any CPU
		Release|ARM = Release|ARM
		Release|ARM64 = Release|ARM64
		Release|x64 = Release|x64
		Release|x86 = Release|x86
	EndGlobalSection
	GlobalSection(ProjectConfigurationPlatforms) = postSolution
		{8B90B3B3-844B-4610-9DCF-C9B250182AE3}.Debug|Any CPU.ActiveCfg = Debug|x86
		{8B90B3B3-844B-4610-9DCF-C9B250182AE3}.Debug|Any CPU.Build.0 = Debug|x86
		{8B90B3B3-844B-4610-9DCF-C9B250182AE3}.Debug|Any CPU.Deploy.0 = Debug|x86
		{8B90B3B3-844B-4610-9DCF-C9B250182AE3}.Debug|ARM.ActiveCfg = Debug|ARM
		{8B90B3B3-844B-4610-9DCF-C9B250182AE3}.Debug|ARM.Build.0 = Debug|ARM
		{8B90B3B3-844B-4610-9DCF-C9B250182AE3}.Debug|ARM.Deploy.0 = Debug|ARM
		{8B90B3B3-844B-4610-9DCF-C9B250182AE3}.Debug|ARM64.ActiveCfg = Debug|ARM64
		{8B90B3B3-844B-4610-9DCF-C9B250182AE3}.Debug|ARM64.Build.0 = Debug|ARM64
		{8B90B3B3-844B-4610-9DCF-C9B250182AE3}.Debug|ARM64.Deploy.0 = Debug|ARM64
		{8B90B3B3-844B-4610-9DCF-C9B250182AE3}.Debug|x64.ActiveCfg = Debug|x64
		{8B90B3B3-844B-4610-9DCF-C9B250182AE3}.Debug|x64.Build.0 = Debug|x64
		{8B90B3B3-844B-4610-9DCF-C9B250182AE3}.Debug|x64.Deploy.0 = Debug|x64
		{8B90B3B3-844B-4610-9DCF-C9B250182AE3}.Debug|x86.ActiveCfg = Debug|x86
		{8B90B3B3-844B-4610-9DCF-C9B250182AE3}.Debug|x86.Build.0 = Debug|x86
		{8B90B3B3-844B-4610-9DCF-C9B250182AE3}.Debug|x86.Deploy.0 = Debug|x86
		{8B90B3B3-844B-4610-9DCF-C9B250182AE3}.Release|Any CPU.ActiveCfg = Release|x86
		{8B90B3B3-844B-4610-9DCF-C9B250182AE3}.Release|ARM.ActiveCfg = Release|ARM
		{8B90B3B3-844B-4610-9DCF-C9B250182AE3}.Release|ARM.Build.0 = Release|ARM
		{8B90B3B3-844B-4610-9DCF-C9B250182AE3}.Release|ARM.Deploy.0 = Release|ARM
		{8B90B3B3-844B-4610-9DCF-C9B250182AE3}.Release|ARM64.ActiveCfg = Release|ARM64
		{8B90B3B3-844B-4610-9DCF-C9B250182AE3}.Release|ARM64.Build.0 = Release|ARM64
		{8B90B3B3-844B-4610-9DCF-C9B250182AE3}.Release|ARM64.Deploy.0 = Release|ARM64
		{8B90B3B3-844B-4610-9DCF-C9B250182AE3}.Release|x64.ActiveCfg = Release|x64
		{8B90B3B3-844B-4610-9DCF-C9B250182AE3}.Release|x64.Build.0 = Release|x64
		{8B90B3B3-844B-4610-9DCF-C9B250182AE3}.Release|x64.Deploy.0 = Release|x64
		{8B90B3B3-844B-4610-9DCF-C9B250182AE3}.Release|x86.ActiveCfg = Release|x86
		{8B90B3B3-844B-4610-9DCF-C9B250182AE3}.Release|x86.Build.0 = Release|x86
		{8B90B3B3-844B-4610-9DCF-C9B250182AE3}.Release|x86.Deploy.0 = Release|x86
		{D6F896AD-FD22-499A-9503-D72F03FE53CB}.Debug|Any CPU.ActiveCfg = Debug|Any CPU
		{D6F896AD-FD22-499A-9503-D72F03FE53CB}.Debug|Any CPU.Build.0 = Debug|Any CPU
		{D6F896AD-FD22-499A-9503-D72F03FE53CB}.Debug|ARM.ActiveCfg = Debug|Any CPU
		{D6F896AD-FD22-499A-9503-D72F03FE53CB}.Debug|ARM.Build.0 = Debug|Any CPU
		{D6F896AD-FD22-499A-9503-D72F03FE53CB}.Debug|ARM64.ActiveCfg = Debug|Any CPU
		{D6F896AD-FD22-499A-9503-D72F03FE53CB}.Debug|ARM64.Build.0 = Debug|Any CPU
		{D6F896AD-FD22-499A-9503-D72F03FE53CB}.Debug|x64.ActiveCfg = Debug|Any CPU
		{D6F896AD-FD22-499A-9503-D72F03FE53CB}.Debug|x64.Build.0 = Debug|Any CPU
		{D6F896AD-FD22-499A-9503-D72F03FE53CB}.Debug|x86.ActiveCfg = Debug|Any CPU
		{D6F896AD-FD22-499A-9503-D72F03FE53CB}.Debug|x86.Build.0 = Debug|Any CPU
		{D6F896AD-FD22-499A-9503-D72F03FE53CB}.Release|Any CPU.ActiveCfg = Release|Any CPU
		{D6F896AD-FD22-499A-9503-D72F03FE53CB}.Release|Any CPU.Build.0 = Release|Any CPU
		{D6F896AD-FD22-499A-9503-D72F03FE53CB}.Release|ARM.ActiveCfg = Release|Any CPU
		{D6F896AD-FD22-499A-9503-D72F03FE53CB}.Release|ARM.Build.0 = Release|Any CPU
		{D6F896AD-FD22-499A-9503-D72F03FE53CB}.Release|ARM64.ActiveCfg = Release|Any CPU
		{D6F896AD-FD22-499A-9503-D72F03FE53CB}.Release|ARM64.Build.0 = Release|Any CPU
		{D6F896AD-FD22-499A-9503-D72F03FE53CB}.Release|x64.ActiveCfg = Release|Any CPU
		{D6F896AD-FD22-499A-9503-D72F03FE53CB}.Release|x64.Build.0 = Release|Any CPU
		{D6F896AD-FD22-499A-9503-D72F03FE53CB}.Release|x86.ActiveCfg = Release|Any CPU
		{D6F896AD-FD22-499A-9503-D72F03FE53CB}.Release|x86.Build.0 = Release|Any CPU
		{809C7636-0AF1-4695-9230-22F74D7B1327}.Debug|Any CPU.ActiveCfg = Debug|Any CPU
		{809C7636-0AF1-4695-9230-22F74D7B1327}.Debug|Any CPU.Build.0 = Debug|Any CPU
		{809C7636-0AF1-4695-9230-22F74D7B1327}.Debug|ARM.ActiveCfg = Debug|ARM
		{809C7636-0AF1-4695-9230-22F74D7B1327}.Debug|ARM.Build.0 = Debug|ARM
		{809C7636-0AF1-4695-9230-22F74D7B1327}.Debug|ARM64.ActiveCfg = Debug|ARM64
		{809C7636-0AF1-4695-9230-22F74D7B1327}.Debug|ARM64.Build.0 = Debug|ARM64
		{809C7636-0AF1-4695-9230-22F74D7B1327}.Debug|x64.ActiveCfg = Debug|x64
		{809C7636-0AF1-4695-9230-22F74D7B1327}.Debug|x64.Build.0 = Debug|x64
		{809C7636-0AF1-4695-9230-22F74D7B1327}.Debug|x86.ActiveCfg = Debug|x86
		{809C7636-0AF1-4695-9230-22F74D7B1327}.Debug|x86.Build.0 = Debug|x86
		{809C7636-0AF1-4695-9230-22F74D7B1327}.Release|Any CPU.ActiveCfg = Release|Any CPU
		{809C7636-0AF1-4695-9230-22F74D7B1327}.Release|Any CPU.Build.0 = Release|Any CPU
		{809C7636-0AF1-4695-9230-22F74D7B1327}.Release|ARM.ActiveCfg = Release|ARM
		{809C7636-0AF1-4695-9230-22F74D7B1327}.Release|ARM.Build.0 = Release|ARM
		{809C7636-0AF1-4695-9230-22F74D7B1327}.Release|ARM64.ActiveCfg = Release|ARM64
		{809C7636-0AF1-4695-9230-22F74D7B1327}.Release|ARM64.Build.0 = Release|ARM64
		{809C7636-0AF1-4695-9230-22F74D7B1327}.Release|x64.ActiveCfg = Release|x64
		{809C7636-0AF1-4695-9230-22F74D7B1327}.Release|x64.Build.0 = Release|x64
		{809C7636-0AF1-4695-9230-22F74D7B1327}.Release|x86.ActiveCfg = Release|x86
		{809C7636-0AF1-4695-9230-22F74D7B1327}.Release|x86.Build.0 = Release|x86
		{348A4137-CD36-4AF8-B609-4FABDDE3E377}.Debug|Any CPU.ActiveCfg = Debug|Any CPU
		{348A4137-CD36-4AF8-B609-4FABDDE3E377}.Debug|Any CPU.Build.0 = Debug|Any CPU
		{348A4137-CD36-4AF8-B609-4FABDDE3E377}.Debug|ARM.ActiveCfg = Debug|Any CPU
		{348A4137-CD36-4AF8-B609-4FABDDE3E377}.Debug|ARM.Build.0 = Debug|Any CPU
		{348A4137-CD36-4AF8-B609-4FABDDE3E377}.Debug|ARM64.ActiveCfg = Debug|Any CPU
		{348A4137-CD36-4AF8-B609-4FABDDE3E377}.Debug|ARM64.Build.0 = Debug|Any CPU
		{348A4137-CD36-4AF8-B609-4FABDDE3E377}.Debug|x64.ActiveCfg = Debug|Any CPU
		{348A4137-CD36-4AF8-B609-4FABDDE3E377}.Debug|x64.Build.0 = Debug|Any CPU
		{348A4137-CD36-4AF8-B609-4FABDDE3E377}.Debug|x86.ActiveCfg = Debug|Any CPU
		{348A4137-CD36-4AF8-B609-4FABDDE3E377}.Debug|x86.Build.0 = Debug|Any CPU
		{348A4137-CD36-4AF8-B609-4FABDDE3E377}.Release|Any CPU.ActiveCfg = Release|Any CPU
		{348A4137-CD36-4AF8-B609-4FABDDE3E377}.Release|Any CPU.Build.0 = Release|Any CPU
		{348A4137-CD36-4AF8-B609-4FABDDE3E377}.Release|ARM.ActiveCfg = Release|Any CPU
		{348A4137-CD36-4AF8-B609-4FABDDE3E377}.Release|ARM.Build.0 = Release|Any CPU
		{348A4137-CD36-4AF8-B609-4FABDDE3E377}.Release|ARM64.ActiveCfg = Release|Any CPU
		{348A4137-CD36-4AF8-B609-4FABDDE3E377}.Release|ARM64.Build.0 = Release|Any CPU
		{348A4137-CD36-4AF8-B609-4FABDDE3E377}.Release|x64.ActiveCfg = Release|Any CPU
		{348A4137-CD36-4AF8-B609-4FABDDE3E377}.Release|x64.Build.0 = Release|Any CPU
		{348A4137-CD36-4AF8-B609-4FABDDE3E377}.Release|x86.ActiveCfg = Release|Any CPU
		{348A4137-CD36-4AF8-B609-4FABDDE3E377}.Release|x86.Build.0 = Release|Any CPU
		{AEE3DCAA-2C3C-4308-B602-4797994219D7}.Debug|Any CPU.ActiveCfg = Debug|Any CPU
		{AEE3DCAA-2C3C-4308-B602-4797994219D7}.Debug|Any CPU.Build.0 = Debug|Any CPU
		{AEE3DCAA-2C3C-4308-B602-4797994219D7}.Debug|ARM.ActiveCfg = Debug|Any CPU
		{AEE3DCAA-2C3C-4308-B602-4797994219D7}.Debug|ARM.Build.0 = Debug|Any CPU
		{AEE3DCAA-2C3C-4308-B602-4797994219D7}.Debug|ARM64.ActiveCfg = Debug|Any CPU
		{AEE3DCAA-2C3C-4308-B602-4797994219D7}.Debug|ARM64.Build.0 = Debug|Any CPU
		{AEE3DCAA-2C3C-4308-B602-4797994219D7}.Debug|x64.ActiveCfg = Debug|Any CPU
		{AEE3DCAA-2C3C-4308-B602-4797994219D7}.Debug|x64.Build.0 = Debug|Any CPU
		{AEE3DCAA-2C3C-4308-B602-4797994219D7}.Debug|x86.ActiveCfg = Debug|Any CPU
		{AEE3DCAA-2C3C-4308-B602-4797994219D7}.Debug|x86.Build.0 = Debug|Any CPU
		{AEE3DCAA-2C3C-4308-B602-4797994219D7}.Release|Any CPU.ActiveCfg = Release|Any CPU
		{AEE3DCAA-2C3C-4308-B602-4797994219D7}.Release|Any CPU.Build.0 = Release|Any CPU
		{AEE3DCAA-2C3C-4308-B602-4797994219D7}.Release|ARM.ActiveCfg = Release|Any CPU
		{AEE3DCAA-2C3C-4308-B602-4797994219D7}.Release|ARM.Build.0 = Release|Any CPU
		{AEE3DCAA-2C3C-4308-B602-4797994219D7}.Release|ARM64.ActiveCfg = Release|Any CPU
		{AEE3DCAA-2C3C-4308-B602-4797994219D7}.Release|ARM64.Build.0 = Release|Any CPU
		{AEE3DCAA-2C3C-4308-B602-4797994219D7}.Release|x64.ActiveCfg = Release|Any CPU
		{AEE3DCAA-2C3C-4308-B602-4797994219D7}.Release|x64.Build.0 = Release|Any CPU
		{AEE3DCAA-2C3C-4308-B602-4797994219D7}.Release|x86.ActiveCfg = Release|Any CPU
		{AEE3DCAA-2C3C-4308-B602-4797994219D7}.Release|x86.Build.0 = Release|Any CPU
		{64B1CE94-6533-489A-94D4-A7152E3BE03F}.Debug|Any CPU.ActiveCfg = Debug|Any CPU
		{64B1CE94-6533-489A-94D4-A7152E3BE03F}.Debug|Any CPU.Build.0 = Debug|Any CPU
		{64B1CE94-6533-489A-94D4-A7152E3BE03F}.Debug|Any CPU.Deploy.0 = Debug|Any CPU
		{64B1CE94-6533-489A-94D4-A7152E3BE03F}.Debug|ARM.ActiveCfg = Debug|ARM
		{64B1CE94-6533-489A-94D4-A7152E3BE03F}.Debug|ARM.Build.0 = Debug|ARM
		{64B1CE94-6533-489A-94D4-A7152E3BE03F}.Debug|ARM.Deploy.0 = Debug|ARM
		{64B1CE94-6533-489A-94D4-A7152E3BE03F}.Debug|ARM64.ActiveCfg = Debug|ARM64
		{64B1CE94-6533-489A-94D4-A7152E3BE03F}.Debug|ARM64.Build.0 = Debug|ARM64
		{64B1CE94-6533-489A-94D4-A7152E3BE03F}.Debug|ARM64.Deploy.0 = Debug|ARM64
		{64B1CE94-6533-489A-94D4-A7152E3BE03F}.Debug|x64.ActiveCfg = Debug|x64
		{64B1CE94-6533-489A-94D4-A7152E3BE03F}.Debug|x64.Build.0 = Debug|x64
		{64B1CE94-6533-489A-94D4-A7152E3BE03F}.Debug|x64.Deploy.0 = Debug|x64
		{64B1CE94-6533-489A-94D4-A7152E3BE03F}.Debug|x86.ActiveCfg = Debug|x86
		{64B1CE94-6533-489A-94D4-A7152E3BE03F}.Debug|x86.Build.0 = Debug|x86
		{64B1CE94-6533-489A-94D4-A7152E3BE03F}.Debug|x86.Deploy.0 = Debug|x86
		{64B1CE94-6533-489A-94D4-A7152E3BE03F}.Release|Any CPU.ActiveCfg = Release|Any CPU
		{64B1CE94-6533-489A-94D4-A7152E3BE03F}.Release|Any CPU.Build.0 = Release|Any CPU
		{64B1CE94-6533-489A-94D4-A7152E3BE03F}.Release|Any CPU.Deploy.0 = Release|Any CPU
		{64B1CE94-6533-489A-94D4-A7152E3BE03F}.Release|ARM.ActiveCfg = Release|ARM
		{64B1CE94-6533-489A-94D4-A7152E3BE03F}.Release|ARM.Build.0 = Release|ARM
		{64B1CE94-6533-489A-94D4-A7152E3BE03F}.Release|ARM.Deploy.0 = Release|ARM
		{64B1CE94-6533-489A-94D4-A7152E3BE03F}.Release|ARM64.ActiveCfg = Release|ARM64
		{64B1CE94-6533-489A-94D4-A7152E3BE03F}.Release|ARM64.Build.0 = Release|ARM64
		{64B1CE94-6533-489A-94D4-A7152E3BE03F}.Release|ARM64.Deploy.0 = Release|ARM64
		{64B1CE94-6533-489A-94D4-A7152E3BE03F}.Release|x64.ActiveCfg = Release|x64
		{64B1CE94-6533-489A-94D4-A7152E3BE03F}.Release|x64.Build.0 = Release|x64
		{64B1CE94-6533-489A-94D4-A7152E3BE03F}.Release|x64.Deploy.0 = Release|x64
		{64B1CE94-6533-489A-94D4-A7152E3BE03F}.Release|x86.ActiveCfg = Release|x86
		{64B1CE94-6533-489A-94D4-A7152E3BE03F}.Release|x86.Build.0 = Release|x86
		{64B1CE94-6533-489A-94D4-A7152E3BE03F}.Release|x86.Deploy.0 = Release|x86
		{B44AD18B-7805-4FFB-A29E-C57D09C8D425}.Debug|Any CPU.ActiveCfg = Debug|Any CPU
		{B44AD18B-7805-4FFB-A29E-C57D09C8D425}.Debug|Any CPU.Build.0 = Debug|Any CPU
		{B44AD18B-7805-4FFB-A29E-C57D09C8D425}.Debug|ARM.ActiveCfg = Debug|Any CPU
		{B44AD18B-7805-4FFB-A29E-C57D09C8D425}.Debug|ARM.Build.0 = Debug|Any CPU
		{B44AD18B-7805-4FFB-A29E-C57D09C8D425}.Debug|ARM64.ActiveCfg = Debug|Any CPU
		{B44AD18B-7805-4FFB-A29E-C57D09C8D425}.Debug|ARM64.Build.0 = Debug|Any CPU
		{B44AD18B-7805-4FFB-A29E-C57D09C8D425}.Debug|x64.ActiveCfg = Debug|Any CPU
		{B44AD18B-7805-4FFB-A29E-C57D09C8D425}.Debug|x64.Build.0 = Debug|Any CPU
		{B44AD18B-7805-4FFB-A29E-C57D09C8D425}.Debug|x86.ActiveCfg = Debug|Any CPU
		{B44AD18B-7805-4FFB-A29E-C57D09C8D425}.Debug|x86.Build.0 = Debug|Any CPU
		{B44AD18B-7805-4FFB-A29E-C57D09C8D425}.Release|Any CPU.ActiveCfg = Release|Any CPU
		{B44AD18B-7805-4FFB-A29E-C57D09C8D425}.Release|Any CPU.Build.0 = Release|Any CPU
		{B44AD18B-7805-4FFB-A29E-C57D09C8D425}.Release|ARM.ActiveCfg = Release|Any CPU
		{B44AD18B-7805-4FFB-A29E-C57D09C8D425}.Release|ARM.Build.0 = Release|Any CPU
		{B44AD18B-7805-4FFB-A29E-C57D09C8D425}.Release|ARM64.ActiveCfg = Release|Any CPU
		{B44AD18B-7805-4FFB-A29E-C57D09C8D425}.Release|ARM64.Build.0 = Release|Any CPU
		{B44AD18B-7805-4FFB-A29E-C57D09C8D425}.Release|x64.ActiveCfg = Release|Any CPU
		{B44AD18B-7805-4FFB-A29E-C57D09C8D425}.Release|x64.Build.0 = Release|Any CPU
		{B44AD18B-7805-4FFB-A29E-C57D09C8D425}.Release|x86.ActiveCfg = Release|Any CPU
		{B44AD18B-7805-4FFB-A29E-C57D09C8D425}.Release|x86.Build.0 = Release|Any CPU
	EndGlobalSection
	GlobalSection(SolutionProperties) = preSolution
		HideSolutionNode = FALSE
	EndGlobalSection
	GlobalSection(ExtensibilityGlobals) = postSolution
		SolutionGuid = {BE7B5A79-1415-4F7D-A90F-62CA11ED3555}
	EndGlobalSection
EndGlobal
